
Microsoft Visual Studio Solution File, Format Version 12.00
# Visual Studio Version 17
VisualStudioVersion = 17.9.34723.18
MinimumVisualStudioVersion = 10.0.40219.1
Project("{FAE04EC0-301F-11D3-BF4B-00C04F79EFBC}") = "homework_2_5", "homework_2_5.csproj", "{DBB527A0-091A-4648-9470-89006ABDA5F3}"
EndProject
Global
	GlobalSection(SolutionConfigurationPlatforms) = preSolution
		Debug|Any CPU = Debug|Any CPU
		Release|Any CPU = Release|Any CPU
	EndGlobalSection
	GlobalSection(ProjectConfigurationPlatforms) = postSolution
		{DBB527A0-091A-4648-9470-89006ABDA5F3}.Debug|Any CPU.ActiveCfg = Debug|Any CPU
		{DBB527A0-091A-4648-9470-89006ABDA5F3}.Debug|Any CPU.Build.0 = Debug|Any CPU
		{DBB527A0-091A-4648-9470-89006ABDA5F3}.Release|Any CPU.ActiveCfg = Release|Any CPU
		{DBB527A0-091A-4648-9470-89006ABDA5F3}.Release|Any CPU.Build.0 = Release|Any CPU
	EndGlobalSection
	GlobalSection(SolutionProperties) = preSolution
		HideSolutionNode = FALSE
	EndGlobalSection
	GlobalSection(ExtensibilityGlobals) = postSolution
		SolutionGuid = {A5108662-FC9C-4B24-AA44-573BA48CBA58}
	EndGlobalSection
EndGlobal
