
Microsoft Visual Studio Solution File, Format Version 12.00
# Visual Studio Version 17
VisualStudioVersion = 17.9.34723.18
MinimumVisualStudioVersion = 10.0.40219.1
Project("{FAE04EC0-301F-11D3-BF4B-00C04F79EFBC}") = "homework_2_4", "homework_2_4.csproj", "{1CD3C9FD-4D9B-426E-92A0-B35896B56EDB}"
EndProject
Global
	GlobalSection(SolutionConfigurationPlatforms) = preSolution
		Debug|Any CPU = Debug|Any CPU
		Release|Any CPU = Release|Any CPU
	EndGlobalSection
	GlobalSection(ProjectConfigurationPlatforms) = postSolution
		{1CD3C9FD-4D9B-426E-92A0-B35896B56EDB}.Debug|Any CPU.ActiveCfg = Debug|Any CPU
		{1CD3C9FD-4D9B-426E-92A0-B35896B56EDB}.Debug|Any CPU.Build.0 = Debug|Any CPU
		{1CD3C9FD-4D9B-426E-92A0-B35896B56EDB}.Release|Any CPU.ActiveCfg = Release|Any CPU
		{1CD3C9FD-4D9B-426E-92A0-B35896B56EDB}.Release|Any CPU.Build.0 = Release|Any CPU
	EndGlobalSection
	GlobalSection(SolutionProperties) = preSolution
		HideSolutionNode = FALSE
	EndGlobalSection
	GlobalSection(ExtensibilityGlobals) = postSolution
		SolutionGuid = {4A0C8205-044E-433A-9B97-4ABB3A0077B8}
	EndGlobalSection
EndGlobal
