
Microsoft Visual Studio Solution File, Format Version 12.00
# Visual Studio Version 17
VisualStudioVersion = 17.9.34723.18
MinimumVisualStudioVersion = 10.0.40219.1
Project("{FAE04EC0-301F-11D3-BF4B-00C04F79EFBC}") = "homework_2_3", "homework_2_3.csproj", "{3CCF1A28-8359-46AB-A97B-415435872936}"
EndProject
Global
	GlobalSection(SolutionConfigurationPlatforms) = preSolution
		Debug|Any CPU = Debug|Any CPU
		Release|Any CPU = Release|Any CPU
	EndGlobalSection
	GlobalSection(ProjectConfigurationPlatforms) = postSolution
		{3CCF1A28-8359-46AB-A97B-415435872936}.Debug|Any CPU.ActiveCfg = Debug|Any CPU
		{3CCF1A28-8359-46AB-A97B-415435872936}.Debug|Any CPU.Build.0 = Debug|Any CPU
		{3CCF1A28-8359-46AB-A97B-415435872936}.Release|Any CPU.ActiveCfg = Release|Any CPU
		{3CCF1A28-8359-46AB-A97B-415435872936}.Release|Any CPU.Build.0 = Release|Any CPU
	EndGlobalSection
	GlobalSection(SolutionProperties) = preSolution
		HideSolutionNode = FALSE
	EndGlobalSection
	GlobalSection(ExtensibilityGlobals) = postSolution
		SolutionGuid = {3DE35F59-7EDD-4D03-9780-4A05C7CB3F92}
	EndGlobalSection
EndGlobal
