
Microsoft Visual Studio Solution File, Format Version 12.00
# Visual Studio Version 17
VisualStudioVersion = 17.9.34723.18
MinimumVisualStudioVersion = 10.0.40219.1
Project("{FAE04EC0-301F-11D3-BF4B-00C04F79EFBC}") = "homework_2_2", "homework_2_2.csproj", "{5794DA3D-0E2A-4F57-B2BC-D69C2126C6E9}"
EndProject
Global
	GlobalSection(SolutionConfigurationPlatforms) = preSolution
		Debug|Any CPU = Debug|Any CPU
		Release|Any CPU = Release|Any CPU
	EndGlobalSection
	GlobalSection(ProjectConfigurationPlatforms) = postSolution
		{5794DA3D-0E2A-4F57-B2BC-D69C2126C6E9}.Debug|Any CPU.ActiveCfg = Debug|Any CPU
		{5794DA3D-0E2A-4F57-B2BC-D69C2126C6E9}.Debug|Any CPU.Build.0 = Debug|Any CPU
		{5794DA3D-0E2A-4F57-B2BC-D69C2126C6E9}.Release|Any CPU.ActiveCfg = Release|Any CPU
		{5794DA3D-0E2A-4F57-B2BC-D69C2126C6E9}.Release|Any CPU.Build.0 = Release|Any CPU
	EndGlobalSection
	GlobalSection(SolutionProperties) = preSolution
		HideSolutionNode = FALSE
	EndGlobalSection
	GlobalSection(ExtensibilityGlobals) = postSolution
		SolutionGuid = {EA883199-201C-4141-B673-5F9A787B4330}
	EndGlobalSection
EndGlobal
